{
    "_meta": {
        "hash": {
            "sha256": "9e4bf54c3c023208654e953a808f1b78993ce533ce2e4cdbb261824905bfd3ce"
        },
        "pipfile-spec": 6,
        "requires": {
            "python_version": "3.9"
        },
        "sources": [
            {
                "name": "pypi",
                "url": "https://pypi.org/simple",
                "verify_ssl": true
            }
        ]
    },
    "default": {
        "attrs": {
            "hashes": [
                "sha256:2d27e3784d7a565d36ab851fe94887c5eccd6a463168875832a1be79c82828b4",
                "sha256:626ba8234211db98e869df76230a137c4c40a12d72445c45d5f5b716f076e2fd"
            ],
            "markers": "python_version >= '2.7' and python_version not in '3.0, 3.1, 3.2, 3.3, 3.4'",
            "version": "==21.4.0"
        },
        "cattrs": {
            "hashes": [
                "sha256:94b67b64cf92c994f8784c40c082177dc916e0489a73a9a36b24eb18a9db40c6",
                "sha256:d55c477b4672f93606e992049f15d526dc7867e6c756cd6256d4af92e2b1e364"
            ],
            "markers": "python_version >= '3.7' and python_version < '4.0'",
            "version": "==22.1.0"
        },
        "cdk8s": {
            "hashes": [
                "sha256:3707d78654418e59c76f28e21e65a41e1622a05c48760106849e789b8430c7f9",
                "sha256:8456c3372f6d4e96624fd6d946afec5b757e193a9e34173d2de62a671cddd1dc"
            ],
            "index": "pypi",
            "version": "==2.3.4"
        },
        "cdk8s-plus-22": {
            "hashes": [
                "sha256:4e6ddd937bcd92c5d793007ec0542aa40951e253475ce23495fc0d30ea4c4173",
                "sha256:e348ad386491f8b05e2150c8f942892ff9112168713f5ec0319732add92c8aa6"
            ],
            "index": "pypi",
            "version": "==2.0.0b15"
        },
        "constructs": {
            "hashes": [
                "sha256:02ecbf4a2269fad8b3eeb719347fed4cc3fd8afed26f03dd5d0a017dddf348a5",
                "sha256:4df8129baa45efb80e9c4d84aa4b5b37034ec62725a8ca63b327118821590b04"
            ],
            "index": "pypi",
            "version": "==10.1.16"
        },
        "exceptiongroup": {
            "hashes": [
                "sha256:2019e6e9d6ef84ff65c5c7c451b75802c662d53bcb124abf47ad118d39f9a1ca",
                "sha256:82dc1cfc21bb5f921a25925e80ec696c71b7d108c6c63bd8a786abe2b73c3263"
            ],
            "markers": "python_version < '3.11'",
            "version": "==1.0.0rc7"
        },
        "jsii": {
            "hashes": [
                "sha256:6a9f587cdc1b03129375f9faed876d864383d2b341471c1296a0040622fe938a",
                "sha256:d7ea32e1d6c8aa597be7ecf10eb0e05355db60e6ca986f82dab3fb5aa52d914f"
            ],
            "markers": "python_version ~= '3.7'",
            "version": "==1.59.0"
        },
        "publication": {
            "hashes": [
                "sha256:0248885351febc11d8a1098d5c8e3ab2dabcf3e8c0c96db1e17ecd12b53afbe6",
                "sha256:68416a0de76dddcdd2930d1c8ef853a743cc96c82416c4e4d3b5d901c6276dc4"
            ],
            "version": "==0.0.3"
        },
        "python-dateutil": {
            "hashes": [
                "sha256:0123cacc1627ae19ddf3c27a5de5bd67ee4586fbdd6440d9748f8abb483d3e86",
                "sha256:961d03dc3453ebbc59dbdea9e4e11c5651520a876d0f4db161e8674aae935da9"
            ],
            "markers": "python_version >= '2.7' and python_version not in '3.0, 3.1, 3.2, 3.3'",
            "version": "==2.8.2"
        },
        "six": {
            "hashes": [
                "sha256:1e61c37477a1626458e36f7b1d82aa5c9b094fa4802892072e49de9c60c4c926",
                "sha256:8abb2f1d86890a2dfb989f9a77cfcfd3e47c2a354b01111771326f8aa26e0254"
            ],
            "markers": "python_version >= '2.7' and python_version not in '3.0, 3.1, 3.2, 3.3'",
            "version": "==1.16.0"
        },
        "typing-extensions": {
            "hashes": [
                "sha256:6657594ee297170d19f67d55c05852a874e7eb634f4f753dbd667855e07c1708",
                "sha256:f1c24655a0da0d1b67f07e17a5e6b2a105894e6824b92096378bb3668ef02376"
            ],
            "markers": "python_version >= '3.7'",
            "version": "==4.2.0"
        }
    },
    "develop": {}
}
